// !$*UTF8*$!
{
	archiveVersion = 1;
	classes = {
	};
	objectVersion = 50;
	objects = {

/* Begin PBXBuildFile section */
		CD1C786722807A9900CC838D /* AppDelegate.swift in Sources */ = {isa = PBXBuildFile; fileRef = CD1C786622807A9900CC838D /* AppDelegate.swift */; };
		CD1C786922807A9900CC838D /* ViewController.swift in Sources */ = {isa = PBXBuildFile; fileRef = CD1C786822807A9900CC838D /* ViewController.swift */; };
		CD1C786C22807A9900CC838D /* Main.storyboard in Resources */ = {isa = PBXBuildFile; fileRef = CD1C786A22807A9900CC838D /* Main.storyboard */; };
		CD1C786E22807A9B00CC838D /* Assets.xcassets in Resources */ = {isa = PBXBuildFile; fileRef = CD1C786D22807A9B00CC838D /* Assets.xcassets */; };
		CD1C787122807A9B00CC838D /* LaunchScreen.storyboard in Resources */ = {isa = PBXBuildFile; fileRef = CD1C786F22807A9B00CC838D /* LaunchScreen.storyboard */; };
		CD1C788022807C6900CC838D /* Model.xcdatamodeld in Sources */ = {isa = PBXBuildFile; fileRef = CD1C787E22807C6900CC838D /* Model.xcdatamodeld */; };
		CD1C788A2280953A00CC838D /* ArraySearchVSCoreDataRequestTests.swift in Sources */ = {isa = PBXBuildFile; fileRef = CD1C78892280953A00CC838D /* ArraySearchVSCoreDataRequestTests.swift */; };
		CD43CD4E22864A650020EEC0 /* BaseModelTest.swift in Sources */ = {isa = PBXBuildFile; fileRef = CD1C788122808C3C00CC838D /* BaseModelTest.swift */; };
/* End PBXBuildFile section */

/* Begin PBXContainerItemProxy section */
		CD1C788C2280953A00CC838D /* PBXContainerItemProxy */ = {
			isa = PBXContainerItemProxy;
			containerPortal = CD1C785B22807A9900CC838D /* Project object */;
			proxyType = 1;
			remoteGlobalIDString = CD1C786222807A9900CC838D;
			remoteInfo = ArraySearchVSCoreDataRequest;
		};
/* End PBXContainerItemProxy section */

/* Begin PBXFileReference section */
		CD1C786322807A9900CC838D /* ArraySearchVSCoreDataRequest.app */ = {isa = PBXFileReference; explicitFileType = wrapper.application; includeInIndex = 0; path = ArraySearchVSCoreDataRequest.app; sourceTree = BUILT_PRODUCTS_DIR; };
		CD1C786622807A9900CC838D /* AppDelegate.swift */ = {isa = PBXFileReference; lastKnownFileType = sourcecode.swift; path = AppDelegate.swift; sourceTree = "<group>"; };
		CD1C786822807A9900CC838D /* ViewController.swift */ = {isa = PBXFileReference; lastKnownFileType = sourcecode.swift; path = ViewController.swift; sourceTree = "<group>"; };
		CD1C786B22807A9900CC838D /* Base */ = {isa = PBXFileReference; lastKnownFileType = file.storyboard; name = Base; path = Base.lproj/Main.storyboard; sourceTree = "<group>"; };
		CD1C786D22807A9B00CC838D /* Assets.xcassets */ = {isa = PBXFileReference; lastKnownFileType = folder.assetcatalog; path = Assets.xcassets; sourceTree = "<group>"; };
		CD1C787022807A9B00CC838D /* Base */ = {isa = PBXFileReference; lastKnownFileType = file.storyboard; name = Base; path = Base.lproj/LaunchScreen.storyboard; sourceTree = "<group>"; };
		CD1C787222807A9B00CC838D /* Info.plist */ = {isa = PBXFileReference; lastKnownFileType = text.plist.xml; path = Info.plist; sourceTree = "<group>"; };
		CD1C787F22807C6900CC838D /* Model.xcdatamodel */ = {isa = PBXFileReference; lastKnownFileType = wrapper.xcdatamodel; path = Model.xcdatamodel; sourceTree = "<group>"; };
		CD1C788122808C3C00CC838D /* BaseModelTest.swift */ = {isa = PBXFileReference; lastKnownFileType = sourcecode.swift; path = BaseModelTest.swift; sourceTree = "<group>"; };
		CD1C78872280953A00CC838D /* ArraySearchVSCoreDataRequestTests.xctest */ = {isa = PBXFileReference; explicitFileType = wrapper.cfbundle; includeInIndex = 0; path = ArraySearchVSCoreDataRequestTests.xctest; sourceTree = BUILT_PRODUCTS_DIR; };
		CD1C78892280953A00CC838D /* ArraySearchVSCoreDataRequestTests.swift */ = {isa = PBXFileReference; lastKnownFileType = sourcecode.swift; path = ArraySearchVSCoreDataRequestTests.swift; sourceTree = "<group>"; };
		CD1C788B2280953A00CC838D /* Info.plist */ = {isa = PBXFileReference; lastKnownFileType = text.plist.xml; path = Info.plist; sourceTree = "<group>"; };
/* End PBXFileReference section */

/* Begin PBXFrameworksBuildPhase section */
		CD1C786022807A9900CC838D /* Frameworks */ = {
			isa = PBXFrameworksBuildPhase;
			buildActionMask = 2147483647;
			files = (
			);
			runOnlyForDeploymentPostprocessing = 0;
		};
		CD1C78842280953A00CC838D /* Frameworks */ = {
			isa = PBXFrameworksBuildPhase;
			buildActionMask = 2147483647;
			files = (
			);
			runOnlyForDeploymentPostprocessing = 0;
		};
/* End PBXFrameworksBuildPhase section */

/* Begin PBXGroup section */
		CD1C785A22807A9900CC838D = {
			isa = PBXGroup;
			children = (
				CD1C786522807A9900CC838D /* ArraySearchVSCoreDataRequest */,
				CD1C78882280953A00CC838D /* ArraySearchVSCoreDataRequestTests */,
				CD1C786422807A9900CC838D /* Products */,
			);
			sourceTree = "<group>";
		};
		CD1C786422807A9900CC838D /* Products */ = {
			isa = PBXGroup;
			children = (
				CD1C786322807A9900CC838D /* ArraySearchVSCoreDataRequest.app */,
				CD1C78872280953A00CC838D /* ArraySearchVSCoreDataRequestTests.xctest */,
			);
			name = Products;
			sourceTree = "<group>";
		};
		CD1C786522807A9900CC838D /* ArraySearchVSCoreDataRequest */ = {
			isa = PBXGroup;
			children = (
				CD1C786622807A9900CC838D /* AppDelegate.swift */,
				CD1C786822807A9900CC838D /* ViewController.swift */,
				CD1C786A22807A9900CC838D /* Main.storyboard */,
				CD1C787E22807C6900CC838D /* Model.xcdatamodeld */,
				CD1C786D22807A9B00CC838D /* Assets.xcassets */,
				CD1C786F22807A9B00CC838D /* LaunchScreen.storyboard */,
				CD1C787222807A9B00CC838D /* Info.plist */,
			);
			path = ArraySearchVSCoreDataRequest;
			sourceTree = "<group>";
		};
		CD1C78882280953A00CC838D /* ArraySearchVSCoreDataRequestTests */ = {
			isa = PBXGroup;
			children = (
				CD1C78892280953A00CC838D /* ArraySearchVSCoreDataRequestTests.swift */,
				CD1C788122808C3C00CC838D /* BaseModelTest.swift */,
				CD1C788B2280953A00CC838D /* Info.plist */,
			);
			path = ArraySearchVSCoreDataRequestTests;
			sourceTree = "<group>";
		};
/* End PBXGroup section */

/* Begin PBXNativeTarget section */
		CD1C786222807A9900CC838D /* ArraySearchVSCoreDataRequest */ = {
			isa = PBXNativeTarget;
			buildConfigurationList = CD1C787522807A9B00CC838D /* Build configuration list for PBXNativeTarget "ArraySearchVSCoreDataRequest" */;
			buildPhases = (
				CD1C785F22807A9900CC838D /* Sources */,
				CD1C786022807A9900CC838D /* Frameworks */,
				CD1C786122807A9900CC838D /* Resources */,
			);
			buildRules = (
			);
			dependencies = (
			);
			name = ArraySearchVSCoreDataRequest;
			productName = ArraySearchVSCoreDataRequest;
			productReference = CD1C786322807A9900CC838D /* ArraySearchVSCoreDataRequest.app */;
			productType = "com.apple.product-type.application";
		};
		CD1C78862280953A00CC838D /* ArraySearchVSCoreDataRequestTests */ = {
			isa = PBXNativeTarget;
			buildConfigurationList = CD1C788E2280953A00CC838D /* Build configuration list for PBXNativeTarget "ArraySearchVSCoreDataRequestTests" */;
			buildPhases = (
				CD1C78832280953A00CC838D /* Sources */,
				CD1C78842280953A00CC838D /* Frameworks */,
				CD1C78852280953A00CC838D /* Resources */,
			);
			buildRules = (
			);
			dependencies = (
				CD1C788D2280953A00CC838D /* PBXTargetDependency */,
			);
			name = ArraySearchVSCoreDataRequestTests;
			productName = ArraySearchVSCoreDataRequestTests;
			productReference = CD1C78872280953A00CC838D /* ArraySearchVSCoreDataRequestTests.xctest */;
			productType = "com.apple.product-type.bundle.unit-test";
		};
/* End PBXNativeTarget section */

/* Begin PBXProject section */
		CD1C785B22807A9900CC838D /* Project object */ = {
			isa = PBXProject;
			attributes = {
				LastSwiftUpdateCheck = 1010;
				LastUpgradeCheck = 1010;
				ORGANIZATIONNAME = Novinfard;
				TargetAttributes = {
					CD1C786222807A9900CC838D = {
						CreatedOnToolsVersion = 10.1;
					};
					CD1C78862280953A00CC838D = {
						CreatedOnToolsVersion = 10.1;
						TestTargetID = CD1C786222807A9900CC838D;
					};
				};
			};
			buildConfigurationList = CD1C785E22807A9900CC838D /* Build configuration list for PBXProject "ArraySearchVSCoreDataRequest" */;
			compatibilityVersion = "Xcode 9.3";
			developmentRegion = en;
			hasScannedForEncodings = 0;
			knownRegions = (
				en,
				Base,
			);
			mainGroup = CD1C785A22807A9900CC838D;
			productRefGroup = CD1C786422807A9900CC838D /* Products */;
			projectDirPath = "";
			projectRoot = "";
			targets = (
				CD1C786222807A9900CC838D /* ArraySearchVSCoreDataRequest */,
				CD1C78862280953A00CC838D /* ArraySearchVSCoreDataRequestTests */,
			);
		};
/* End PBXProject section */

/* Begin PBXResourcesBuildPhase section */
		CD1C786122807A9900CC838D /* Resources */ = {
			isa = PBXResourcesBuildPhase;
			buildActionMask = 2147483647;
			files = (
				CD1C787122807A9B00CC838D /* LaunchScreen.storyboard in Resources */,
				CD1C786E22807A9B00CC838D /* Assets.xcassets in Resources */,
				CD1C786C22807A9900CC838D /* Main.storyboard in Resources */,
			);
			runOnlyForDeploymentPostprocessing = 0;
		};
		CD1C78852280953A00CC838D /* Resources */ = {
			isa = PBXResourcesBuildPhase;
			buildActionMask = 2147483647;
			files = (
			);
			runOnlyForDeploymentPostprocessing = 0;
		};
/* End PBXResourcesBuildPhase section */

/* Begin PBXSourcesBuildPhase section */
		CD1C785F22807A9900CC838D /* Sources */ = {
			isa = PBXSourcesBuildPhase;
			buildActionMask = 2147483647;
			files = (
				CD1C786922807A9900CC838D /* ViewController.swift in Sources */,
				CD1C786722807A9900CC838D /* AppDelegate.swift in Sources */,
				CD1C788022807C6900CC838D /* Model.xcdatamodeld in Sources */,
			);
			runOnlyForDeploymentPostprocessing = 0;
		};
		CD1C78832280953A00CC838D /* Sources */ = {
			isa = PBXSourcesBuildPhase;
			buildActionMask = 2147483647;
			files = (
				CD1C788A2280953A00CC838D /* ArraySearchVSCoreDataRequestTests.swift in Sources */,
				CD43CD4E22864A650020EEC0 /* BaseModelTest.swift in Sources */,
			);
			runOnlyForDeploymentPostprocessing = 0;
		};
/* End PBXSourcesBuildPhase section */

/* Begin PBXTargetDependency section */
		CD1C788D2280953A00CC838D /* PBXTargetDependency */ = {
			isa = PBXTargetDependency;
			target = CD1C786222807A9900CC838D /* ArraySearchVSCoreDataRequest */;
			targetProxy = CD1C788C2280953A00CC838D /* PBXContainerItemProxy */;
		};
/* End PBXTargetDependency section */

/* Begin PBXVariantGroup section */
		CD1C786A22807A9900CC838D /* Main.storyboard */ = {
			isa = PBXVariantGroup;
			children = (
				CD1C786B22807A9900CC838D /* Base */,
			);
			name = Main.storyboard;
			sourceTree = "<group>";
		};
		CD1C786F22807A9B00CC838D /* LaunchScreen.storyboard */ = {
			isa = PBXVariantGroup;
			children = (
				CD1C787022807A9B00CC838D /* Base */,
			);
			name = LaunchScreen.storyboard;
			sourceTree = "<group>";
		};
/* End PBXVariantGroup section */

/* Begin XCBuildConfiguration section */
		CD1C787322807A9B00CC838D /* Debug */ = {
			isa = XCBuildConfiguration;
			buildSettings = {
				ALWAYS_SEARCH_USER_PATHS = NO;
				CLANG_ANALYZER_NONNULL = YES;
				CLANG_ANALYZER_NUMBER_OBJECT_CONVERSION = YES_AGGRESSIVE;
				CLANG_CXX_LANGUAGE_STANDARD = "gnu++14";
				CLANG_CXX_LIBRARY = "libc++";
				CLANG_ENABLE_MODULES = YES;
				CLANG_ENABLE_OBJC_ARC = YES;
				CLANG_ENABLE_OBJC_WEAK = YES;
				CLANG_WARN_BLOCK_CAPTURE_AUTORELEASING = YES;
				CLANG_WARN_BOOL_CONVERSION = YES;
				CLANG_WARN_COMMA = YES;
				CLANG_WARN_CONSTANT_CONVERSION = YES;
				CLANG_WARN_DEPRECATED_OBJC_IMPLEMENTATIONS = YES;
				CLANG_WARN_DIRECT_OBJC_ISA_USAGE = YES_ERROR;
				CLANG_WARN_DOCUMENTATION_COMMENTS = YES;
				CLANG_WARN_EMPTY_BODY = YES;
				CLANG_WARN_ENUM_CONVERSION = YES;
				CLANG_WARN_INFINITE_RECURSION = YES;
				CLANG_WARN_INT_CONVERSION = YES;
				CLANG_WARN_NON_LITERAL_NULL_CONVERSION = YES;
				CLANG_WARN_OBJC_IMPLICIT_RETAIN_SELF = YES;
				CLANG_WARN_OBJC_LITERAL_CONVERSION = YES;
				CLANG_WARN_OBJC_ROOT_CLASS = YES_ERROR;
				CLANG_WARN_RANGE_LOOP_ANALYSIS = YES;
				CLANG_WARN_STRICT_PROTOTYPES = YES;
				CLANG_WARN_SUSPICIOUS_MOVE = YES;
				CLANG_WARN_UNGUARDED_AVAILABILITY = YES_AGGRESSIVE;
				CLANG_WARN_UNREACHABLE_CODE = YES;
				CLANG_WARN__DUPLICATE_METHOD_MATCH = YES;
				CODE_SIGN_IDENTITY = "iPhone Developer";
				COPY_PHASE_STRIP = NO;
				DEBUG_INFORMATION_FORMAT = dwarf;
				ENABLE_STRICT_OBJC_MSGSEND = YES;
				ENABLE_TESTABILITY = YES;
				GCC_C_LANGUAGE_STANDARD = gnu11;
				GCC_DYNAMIC_NO_PIC = NO;
				GCC_NO_COMMON_BLOCKS = YES;
				GCC_OPTIMIZATION_LEVEL = 0;
				GCC_PREPROCESSOR_DEFINITIONS = (
					"DEBUG=1",
					"$(inherited)",
				);
				GCC_WARN_64_TO_32_BIT_CONVERSION = YES;
				GCC_WARN_ABOUT_RETURN_TYPE = YES_ERROR;
				GCC_WARN_UNDECLARED_SELECTOR = YES;
				GCC_WARN_UNINITIALIZED_AUTOS = YES_AGGRESSIVE;
				GCC_WARN_UNUSED_FUNCTION = YES;
				GCC_WARN_UNUSED_VARIABLE = YES;
				IPHONEOS_DEPLOYMENT_TARGET = 12.1;
				MTL_ENABLE_DEBUG_INFO = INCLUDE_SOURCE;
				MTL_FAST_MATH = YES;
				ONLY_ACTIVE_ARCH = YES;
				SDKROOT = iphoneos;
				SWIFT_ACTIVE_COMPILATION_CONDITIONS = DEBUG;
				SWIFT_OPTIMIZATION_LEVEL = "-Onone";
			};
			name = Debug;
		};
		CD1C787422807A9B00CC838D /* Release */ = {
			isa = XCBuildConfiguration;
			buildSettings = {
				ALWAYS_SEARCH_USER_PATHS = NO;
				CLANG_ANALYZER_NONNULL = YES;
				CLANG_ANALYZER_NUMBER_OBJECT_CONVERSION = YES_AGGRESSIVE;
				CLANG_CXX_LANGUAGE_STANDARD = "gnu++14";
				CLANG_CXX_LIBRARY = "libc++";
				CLANG_ENABLE_MODULES = YES;
				CLANG_ENABLE_OBJC_ARC = YES;
				CLANG_ENABLE_OBJC_WEAK = YES;
				CLANG_WARN_BLOCK_CAPTURE_AUTORELEASING = YES;
				CLANG_WARN_BOOL_CONVERSION = YES;
				CLANG_WARN_COMMA = YES;
				CLANG_WARN_CONSTANT_CONVERSION = YES;
				CLANG_WARN_DEPRECATED_OBJC_IMPLEMENTATIONS = YES;
				CLANG_WARN_DIRECT_OBJC_ISA_USAGE = YES_ERROR;
				CLANG_WARN_DOCUMENTATION_COMMENTS = YES;
				CLANG_WARN_EMPTY_BODY = YES;
				CLANG_WARN_ENUM_CONVERSION = YES;
				CLANG_WARN_INFINITE_RECURSION = YES;
				CLANG_WARN_INT_CONVERSION = YES;
				CLANG_WARN_NON_LITERAL_NULL_CONVERSION = YES;
				CLANG_WARN_OBJC_IMPLICIT_RETAIN_SELF = YES;
				CLANG_WARN_OBJC_LITERAL_CONVERSION = YES;
				CLANG_WARN_OBJC_ROOT_CLASS = YES_ERROR;
				CLANG_WARN_RANGE_LOOP_ANALYSIS = YES;
				CLANG_WARN_STRICT_PROTOTYPES = YES;
				CLANG_WARN_SUSPICIOUS_MOVE = YES;
				CLANG_WARN_UNGUARDED_AVAILABILITY = YES_AGGRESSIVE;
				CLANG_WARN_UNREACHABLE_CODE = YES;
				CLANG_WARN__DUPLICATE_METHOD_MATCH = YES;
				CODE_SIGN_IDENTITY = "iPhone Developer";
				COPY_PHASE_STRIP = NO;
				DEBUG_INFORMATION_FORMAT = "dwarf-with-dsym";
				ENABLE_NS_ASSERTIONS = NO;
				ENABLE_STRICT_OBJC_MSGSEND = YES;
				GCC_C_LANGUAGE_STANDARD = gnu11;
				GCC_NO_COMMON_BLOCKS = YES;
				GCC_WARN_64_TO_32_BIT_CONVERSION = YES;
				GCC_WARN_ABOUT_RETURN_TYPE = YES_ERROR;
				GCC_WARN_UNDECLARED_SELECTOR = YES;
				GCC_WARN_UNINITIALIZED_AUTOS = YES_AGGRESSIVE;
				GCC_WARN_UNUSED_FUNCTION = YES;
				GCC_WARN_UNUSED_VARIABLE = YES;
				IPHONEOS_DEPLOYMENT_TARGET = 12.1;
				MTL_ENABLE_DEBUG_INFO = NO;
				MTL_FAST_MATH = YES;
				SDKROOT = iphoneos;
				SWIFT_COMPILATION_MODE = wholemodule;
				SWIFT_OPTIMIZATION_LEVEL = "-O";
				VALIDATE_PRODUCT = YES;
			};
			name = Release;
		};
		CD1C787622807A9B00CC838D /* Debug */ = {
			isa = XCBuildConfiguration;
			buildSettings = {
				ASSETCATALOG_COMPILER_APPICON_NAME = AppIcon;
				CODE_SIGN_STYLE = Automatic;
				DEVELOPMENT_TEAM = VQ3DDEUQ7K;
				INFOPLIST_FILE = ArraySearchVSCoreDataRequest/Info.plist;
				LD_RUNPATH_SEARCH_PATHS = (
					"$(inherited)",
					"@executable_path/Frameworks",
				);
				PRODUCT_BUNDLE_IDENTIFIER = com.novinfard.ArraySearchVSCoreDataRequest;
				PRODUCT_NAME = "$(TARGET_NAME)";
				SWIFT_VERSION = 4.2;
				TARGETED_DEVICE_FAMILY = "1,2";
			};
			name = Debug;
		};
		CD1C787722807A9B00CC838D /* Release */ = {
			isa = XCBuildConfiguration;
			buildSettings = {
				ASSETCATALOG_COMPILER_APPICON_NAME = AppIcon;
				CODE_SIGN_STYLE = Automatic;
				DEVELOPMENT_TEAM = VQ3DDEUQ7K;
				INFOPLIST_FILE = ArraySearchVSCoreDataRequest/Info.plist;
				LD_RUNPATH_SEARCH_PATHS = (
					"$(inherited)",
					"@executable_path/Frameworks",
				);
				PRODUCT_BUNDLE_IDENTIFIER = com.novinfard.ArraySearchVSCoreDataRequest;
				PRODUCT_NAME = "$(TARGET_NAME)";
				SWIFT_VERSION = 4.2;
				TARGETED_DEVICE_FAMILY = "1,2";
			};
			name = Release;
		};
		CD1C788F2280953A00CC838D /* Debug */ = {
			isa = XCBuildConfiguration;
			buildSettings = {
				BUNDLE_LOADER = "$(TEST_HOST)";
				CODE_SIGN_STYLE = Automatic;
				DEVELOPMENT_TEAM = VQ3DDEUQ7K;
				INFOPLIST_FILE = ArraySearchVSCoreDataRequestTests/Info.plist;
				LD_RUNPATH_SEARCH_PATHS = (
					"$(inherited)",
					"@executable_path/Frameworks",
					"@loader_path/Frameworks",
				);
				PRODUCT_BUNDLE_IDENTIFIER = com.novinfard.ArraySearchVSCoreDataRequestTests;
				PRODUCT_NAME = "$(TARGET_NAME)";
				SWIFT_VERSION = 4.2;
				TARGETED_DEVICE_FAMILY = "1,2";
				TEST_HOST = "$(BUILT_PRODUCTS_DIR)/ArraySearchVSCoreDataRequest.app/ArraySearchVSCoreDataRequest";
			};
			name = Debug;
		};
		CD1C78902280953A00CC838D /* Release */ = {
			isa = XCBuildConfiguration;
			buildSettings = {
				BUNDLE_LOADER = "$(TEST_HOST)";
				CODE_SIGN_STYLE = Automatic;
				DEVELOPMENT_TEAM = VQ3DDEUQ7K;
				INFOPLIST_FILE = ArraySearchVSCoreDataRequestTests/Info.plist;
				LD_RUNPATH_SEARCH_PATHS = (
					"$(inherited)",
					"@executable_path/Frameworks",
					"@loader_path/Frameworks",
				);
				PRODUCT_BUNDLE_IDENTIFIER = com.novinfard.ArraySearchVSCoreDataRequestTests;
				PRODUCT_NAME = "$(TARGET_NAME)";
				SWIFT_VERSION = 4.2;
				TARGETED_DEVICE_FAMILY = "1,2";
				TEST_HOST = "$(BUILT_PRODUCTS_DIR)/ArraySearchVSCoreDataRequest.app/ArraySearchVSCoreDataRequest";
			};
			name = Release;
		};
/* End XCBuildConfiguration section */

/* Begin XCConfigurationList section */
		CD1C785E22807A9900CC838D /* Build configuration list for PBXProject "ArraySearchVSCoreDataRequest" */ = {
			isa = XCConfigurationList;
			buildConfigurations = (
				CD1C787322807A9B00CC838D /* Debug */,
				CD1C787422807A9B00CC838D /* Release */,
			);
			defaultConfigurationIsVisible = 0;
			defaultConfigurationName = Release;
		};
		CD1C787522807A9B00CC838D /* Build configuration list for PBXNativeTarget "ArraySearchVSCoreDataRequest" */ = {
			isa = XCConfigurationList;
			buildConfigurations = (
				CD1C787622807A9B00CC838D /* Debug */,
				CD1C787722807A9B00CC838D /* Release */,
			);
			defaultConfigurationIsVisible = 0;
			defaultConfigurationName = Release;
		};
		CD1C788E2280953A00CC838D /* Build configuration list for PBXNativeTarget "ArraySearchVSCoreDataRequestTests" */ = {
			isa = XCConfigurationList;
			buildConfigurations = (
				CD1C788F2280953A00CC838D /* Debug */,
				CD1C78902280953A00CC838D /* Release */,
			);
			defaultConfigurationIsVisible = 0;
			defaultConfigurationName = Release;
		};
/* End XCConfigurationList section */

/* Begin XCVersionGroup section */
		CD1C787E22807C6900CC838D /* Model.xcdatamodeld */ = {
			isa = XCVersionGroup;
			children = (
				CD1C787F22807C6900CC838D /* Model.xcdatamodel */,
			);
			currentVersion = CD1C787F22807C6900CC838D /* Model.xcdatamodel */;
			path = Model.xcdatamodeld;
			sourceTree = "<group>";
			versionGroupType = wrapper.xcdatamodel;
		};
/* End XCVersionGroup section */
	};
	rootObject = CD1C785B22807A9900CC838D /* Project object */;
}
